
Microsoft Visual Studio Solution File, Format Version 12.00
# Visual Studio Version 16
VisualStudioVersion = 16.0.30709.64
MinimumVisualStudioVersion = 10.0.40219.1
Project("{2150E333-8FDC-42A3-9474-1A3956D46DE8}") = ".root", ".root", "{B3A255A0-E95E-4143-83BA-2ABA54951F9C}"
	ProjectSection(SolutionItems) = preProject
		.gitignore = .gitignore
		LICENSE = LICENSE
		README.md = README.md
	EndProjectSection
EndProject
Project("{2150E333-8FDC-42A3-9474-1A3956D46DE8}") = "src", "src", "{EE9CB063-93B0-49F8-B61C-39F841A22D5D}"
EndProject
Project("{2150E333-8FDC-42A3-9474-1A3956D46DE8}") = "test", "test", "{47C6088F-B1F4-40E7-846E-05EF34FCB6D8}"
EndProject
Project("{2150E333-8FDC-42A3-9474-1A3956D46DE8}") = "docs", "docs", "{E1546E7C-A3D0-448D-8B0E-613EC15E5CFB}"
EndProject
Project("{2150E333-8FDC-42A3-9474-1A3956D46DE8}") = "build", "build", "{E96D35A1-98D9-48EB-8B8F-93F99B5CBC83}"
	ProjectSection(SolutionItems) = preProject
		build\azure-pipelines.yml = build\azure-pipelines.yml
		build\build.ps1 = build\build.ps1
		build\build.yml = build\build.yml
	EndProjectSection
EndProject
Project("{9A19103F-16F7-4668-BE54-9A1E7A4F7556}") = "Day01", "src\Day01\Day01.csproj", "{53FE812C-6756-459C-9DB9-8B7942F7960D}"
EndProject
Project("{2150E333-8FDC-42A3-9474-1A3956D46DE8}") = "Solution Items", "Solution Items", "{1340A918-9DCC-41A3-921D-FB6C4C288E0D}"
	ProjectSection(SolutionItems) = preProject
		AdventOfCode2020.sln.DotSettings = AdventOfCode2020.sln.DotSettings
	EndProjectSection
EndProject
Project("{9A19103F-16F7-4668-BE54-9A1E7A4F7556}") = "Day02", "src\Day02\Day02.csproj", "{232C0AAA-081D-41CA-BC87-FAE06D57EF3C}"
EndProject
Project("{9A19103F-16F7-4668-BE54-9A1E7A4F7556}") = "Day03", "src\Day03\Day03.csproj", "{443151C3-402D-4BFB-8758-AD2822068479}"
EndProject
Project("{9A19103F-16F7-4668-BE54-9A1E7A4F7556}") = "Day04", "src\Day04\Day04.csproj", "{8F23A8E7-E75E-44CB-A30E-B4B1896F5390}"
EndProject
Project("{9A19103F-16F7-4668-BE54-9A1E7A4F7556}") = "Day05", "src\Day05\Day05.csproj", "{93EED271-C4E6-47BC-BCBB-5917E1E63125}"
EndProject
Project("{9A19103F-16F7-4668-BE54-9A1E7A4F7556}") = "Day06", "src\Day06\Day06.csproj", "{F0738E76-05A7-4643-A837-E8A0B5FE539B}"
EndProject
Project("{FAE04EC0-301F-11D3-BF4B-00C04F79EFBC}") = "Day07", "src\Day07\Day07.csproj", "{63A70D25-B814-4D2E-B9A2-1975532C2247}"
EndProject
Project("{F2A71F9B-5D33-465A-A702-920D77279786}") = "Day08", "src\Day08\Day08.fsproj", "{10B51068-29C0-4445-BF0D-7004EF8EB1E2}"
EndProject
Global
	GlobalSection(SolutionConfigurationPlatforms) = preSolution
		Debug|Any CPU = Debug|Any CPU
		Release|Any CPU = Release|Any CPU
	EndGlobalSection
	GlobalSection(ProjectConfigurationPlatforms) = postSolution
		{53FE812C-6756-459C-9DB9-8B7942F7960D}.Debug|Any CPU.ActiveCfg = Debug|Any CPU
		{53FE812C-6756-459C-9DB9-8B7942F7960D}.Debug|Any CPU.Build.0 = Debug|Any CPU
		{53FE812C-6756-459C-9DB9-8B7942F7960D}.Release|Any CPU.ActiveCfg = Release|Any CPU
		{53FE812C-6756-459C-9DB9-8B7942F7960D}.Release|Any CPU.Build.0 = Release|Any CPU
		{232C0AAA-081D-41CA-BC87-FAE06D57EF3C}.Debug|Any CPU.ActiveCfg = Debug|Any CPU
		{232C0AAA-081D-41CA-BC87-FAE06D57EF3C}.Debug|Any CPU.Build.0 = Debug|Any CPU
		{232C0AAA-081D-41CA-BC87-FAE06D57EF3C}.Release|Any CPU.ActiveCfg = Release|Any CPU
		{232C0AAA-081D-41CA-BC87-FAE06D57EF3C}.Release|Any CPU.Build.0 = Release|Any CPU
		{443151C3-402D-4BFB-8758-AD2822068479}.Debug|Any CPU.ActiveCfg = Debug|Any CPU
		{443151C3-402D-4BFB-8758-AD2822068479}.Debug|Any CPU.Build.0 = Debug|Any CPU
		{443151C3-402D-4BFB-8758-AD2822068479}.Release|Any CPU.ActiveCfg = Release|Any CPU
		{443151C3-402D-4BFB-8758-AD2822068479}.Release|Any CPU.Build.0 = Release|Any CPU
		{8F23A8E7-E75E-44CB-A30E-B4B1896F5390}.Debug|Any CPU.ActiveCfg = Debug|Any CPU
		{8F23A8E7-E75E-44CB-A30E-B4B1896F5390}.Debug|Any CPU.Build.0 = Debug|Any CPU
		{8F23A8E7-E75E-44CB-A30E-B4B1896F5390}.Release|Any CPU.ActiveCfg = Release|Any CPU
		{8F23A8E7-E75E-44CB-A30E-B4B1896F5390}.Release|Any CPU.Build.0 = Release|Any CPU
		{93EED271-C4E6-47BC-BCBB-5917E1E63125}.Debug|Any CPU.ActiveCfg = Debug|Any CPU
		{93EED271-C4E6-47BC-BCBB-5917E1E63125}.Debug|Any CPU.Build.0 = Debug|Any CPU
		{93EED271-C4E6-47BC-BCBB-5917E1E63125}.Release|Any CPU.ActiveCfg = Release|Any CPU
		{93EED271-C4E6-47BC-BCBB-5917E1E63125}.Release|Any CPU.Build.0 = Release|Any CPU
		{F0738E76-05A7-4643-A837-E8A0B5FE539B}.Debug|Any CPU.ActiveCfg = Debug|Any CPU
		{F0738E76-05A7-4643-A837-E8A0B5FE539B}.Debug|Any CPU.Build.0 = Debug|Any CPU
		{F0738E76-05A7-4643-A837-E8A0B5FE539B}.Release|Any CPU.ActiveCfg = Release|Any CPU
		{F0738E76-05A7-4643-A837-E8A0B5FE539B}.Release|Any CPU.Build.0 = Release|Any CPU
		{63A70D25-B814-4D2E-B9A2-1975532C2247}.Debug|Any CPU.ActiveCfg = Debug|Any CPU
		{63A70D25-B814-4D2E-B9A2-1975532C2247}.Debug|Any CPU.Build.0 = Debug|Any CPU
		{63A70D25-B814-4D2E-B9A2-1975532C2247}.Release|Any CPU.ActiveCfg = Release|Any CPU
		{63A70D25-B814-4D2E-B9A2-1975532C2247}.Release|Any CPU.Build.0 = Release|Any CPU
		{10B51068-29C0-4445-BF0D-7004EF8EB1E2}.Debug|Any CPU.ActiveCfg = Debug|Any CPU
		{10B51068-29C0-4445-BF0D-7004EF8EB1E2}.Debug|Any CPU.Build.0 = Debug|Any CPU
		{10B51068-29C0-4445-BF0D-7004EF8EB1E2}.Release|Any CPU.ActiveCfg = Release|Any CPU
		{10B51068-29C0-4445-BF0D-7004EF8EB1E2}.Release|Any CPU.Build.0 = Release|Any CPU
	EndGlobalSection
	GlobalSection(SolutionProperties) = preSolution
		HideSolutionNode = FALSE
	EndGlobalSection
	GlobalSection(NestedProjects) = preSolution
		{EE9CB063-93B0-49F8-B61C-39F841A22D5D} = {B3A255A0-E95E-4143-83BA-2ABA54951F9C}
		{47C6088F-B1F4-40E7-846E-05EF34FCB6D8} = {B3A255A0-E95E-4143-83BA-2ABA54951F9C}
		{E1546E7C-A3D0-448D-8B0E-613EC15E5CFB} = {B3A255A0-E95E-4143-83BA-2ABA54951F9C}
		{E96D35A1-98D9-48EB-8B8F-93F99B5CBC83} = {B3A255A0-E95E-4143-83BA-2ABA54951F9C}
		{53FE812C-6756-459C-9DB9-8B7942F7960D} = {EE9CB063-93B0-49F8-B61C-39F841A22D5D}
		{232C0AAA-081D-41CA-BC87-FAE06D57EF3C} = {EE9CB063-93B0-49F8-B61C-39F841A22D5D}
		{443151C3-402D-4BFB-8758-AD2822068479} = {EE9CB063-93B0-49F8-B61C-39F841A22D5D}
		{8F23A8E7-E75E-44CB-A30E-B4B1896F5390} = {EE9CB063-93B0-49F8-B61C-39F841A22D5D}
		{93EED271-C4E6-47BC-BCBB-5917E1E63125} = {EE9CB063-93B0-49F8-B61C-39F841A22D5D}
		{F0738E76-05A7-4643-A837-E8A0B5FE539B} = {EE9CB063-93B0-49F8-B61C-39F841A22D5D}
		{63A70D25-B814-4D2E-B9A2-1975532C2247} = {EE9CB063-93B0-49F8-B61C-39F841A22D5D}
		{10B51068-29C0-4445-BF0D-7004EF8EB1E2} = {EE9CB063-93B0-49F8-B61C-39F841A22D5D}
	EndGlobalSection
	GlobalSection(ExtensibilityGlobals) = postSolution
		SolutionGuid = {64BE185C-ABBF-409F-BC59-5D22D52E4C8B}
	EndGlobalSection
EndGlobal
